
Microsoft Visual Studio Solution File, Format Version 12.00
# Visual Studio Version 16
VisualStudioVersion = 16.0.29201.188
MinimumVisualStudioVersion = 10.0.40219.1
Project("{FAE04EC0-301F-11D3-BF4B-00C04F79EFBC}") = "RefinementPlus", "RefinementPlus\RefinementPlus.csproj", "{C8BF543A-591A-4C22-97C6-D8A1B349FC0D}"
EndProject
Global
	GlobalSection(SolutionConfigurationPlatforms) = preSolution
		Debug|Any CPU = Debug|Any CPU
		Release|Any CPU = Release|Any CPU
	EndGlobalSection
	GlobalSection(ProjectConfigurationPlatforms) = postSolution
		{C8BF543A-591A-4C22-97C6-D8A1B349FC0D}.Debug|Any CPU.ActiveCfg = Debug|Any CPU
		{C8BF543A-591A-4C22-97C6-D8A1B349FC0D}.Debug|Any CPU.Build.0 = Debug|Any CPU
		{C8BF543A-591A-4C22-97C6-D8A1B349FC0D}.Release|Any CPU.ActiveCfg = Release|Any CPU
		{C8BF543A-591A-4C22-97C6-D8A1B349FC0D}.Release|Any CPU.Build.0 = Release|Any CPU
	EndGlobalSection
	GlobalSection(SolutionProperties) = preSolution
		HideSolutionNode = FALSE
	EndGlobalSection
	GlobalSection(ExtensibilityGlobals) = postSolution
		SolutionGuid = {B30BE615-91F7-4333-BDCF-2FF952423DA9}
	EndGlobalSection
EndGlobal
